
Microsoft Visual Studio Solution File, Format Version 12.00
# Visual Studio Version 16
VisualStudioVersion = 16.0.34301.259
MinimumVisualStudioVersion = 10.0.40219.1
Project("{2150E333-8FDC-42A3-9474-1A3956D46DE8}") = "Task 0", "Task 0", "{389FCE00-C46F-47E1-85DA-84FA237BF782}"
EndProject
Project("{2150E333-8FDC-42A3-9474-1A3956D46DE8}") = "Task 1", "Task 1", "{E6945DC2-B390-410F-A0DA-C000DEB48721}"
EndProject
Project("{2150E333-8FDC-42A3-9474-1A3956D46DE8}") = "Task 2", "Task 2", "{05C76EEB-F3D9-4F94-ABB9-CFBD3EC82C16}"
EndProject
Project("{2150E333-8FDC-42A3-9474-1A3956D46DE8}") = "Task 3", "Task 3", "{6A346C32-38FA-42FD-BC4A-FE27DE161444}"
EndProject
Project("{2150E333-8FDC-42A3-9474-1A3956D46DE8}") = "Task 4", "Task 4", "{8E0AAD78-FB4B-4DEB-8304-4799216CC35A}"
EndProject
Project("{2150E333-8FDC-42A3-9474-1A3956D46DE8}") = "Task 5", "Task 5", "{1BCFCA4D-A893-4BC7-A662-EEDF491B0530}"
EndProject
Project("{2150E333-8FDC-42A3-9474-1A3956D46DE8}") = "Task 6", "Task 6", "{8D8E67E5-C049-4F6F-AC47-794D4AA34365}"
EndProject
Project("{2150E333-8FDC-42A3-9474-1A3956D46DE8}") = "Task 7", "Task 7", "{84C058B3-17DB-4BD8-A316-4B939EA0E211}"
EndProject
Project("{FAE04EC0-301F-11D3-BF4B-00C04F79EFBC}") = "Tyuiu.MusaevRS.Sprint2.Task0.V7", "Tyuiu.MusaevRS.Sprint2.Task0.V7\Tyuiu.MusaevRS.Sprint2.Task0.V7.csproj", "{EC94ED69-0C10-4037-933D-F72B268A95E8}"
EndProject
Project("{FAE04EC0-301F-11D3-BF4B-00C04F79EFBC}") = "Tyuiu.MusaevRS.Sprint2.Task0.V7.Lib", "Tyuiu.MusaevRS.Sprint2.Task0.V7.Lib\Tyuiu.MusaevRS.Sprint2.Task0.V7.Lib.csproj", "{61B6C548-F23D-42E7-8317-F333AB769377}"
EndProject
Project("{FAE04EC0-301F-11D3-BF4B-00C04F79EFBC}") = "Tyuiu.MusaevRS.Sprint2.Task0.V7.Test", "Tyuiu.MusaevRS.Sprint2.Task0.V7.Test\Tyuiu.MusaevRS.Sprint2.Task0.V7.Test.csproj", "{3084CD64-9668-4836-8926-2D11BA6A2C9D}"
EndProject
Project("{FAE04EC0-301F-11D3-BF4B-00C04F79EFBC}") = "Tyuiu.MusaevRS.Sprint2.Task1.V30", "Tyuiu.MusaevRS.Sprint2.Task1.V30\Tyuiu.MusaevRS.Sprint2.Task1.V30.csproj", "{6A0ED27F-EA42-473A-8BF4-FEA9A3AA0CC9}"
EndProject
Project("{FAE04EC0-301F-11D3-BF4B-00C04F79EFBC}") = "Tyuiu.MusaevRS.Sprint2.Task1.V30.Test", "Tyuiu.MusaevRS.Sprint2.Task1.V30.Test\Tyuiu.MusaevRS.Sprint2.Task1.V30.Test.csproj", "{B361AC91-B959-4CDA-9000-6471E5AF1592}"
EndProject
Project("{FAE04EC0-301F-11D3-BF4B-00C04F79EFBC}") = "Tyuiu.MusaevRS.Sprint2.Task1.V30.Lib", "Tyuiu.MusaevRS.Sprint2.Task1.V30.Lib\Tyuiu.MusaevRS.Sprint2.Task1.V30.Lib.csproj", "{2EFF3EE8-0267-4D9A-B400-400F4D46DBA9}"
EndProject
Project("{FAE04EC0-301F-11D3-BF4B-00C04F79EFBC}") = "Tyuiu.MusaevRS.Sprint2.Task2.V13.Lib", "Tyuiu.MusaevRS.Sprint2.Task2.V13.Lib\Tyuiu.MusaevRS.Sprint2.Task2.V13.Lib.csproj", "{ECE8EAC6-C805-45A3-9C5C-75F75C33CDFF}"
EndProject
Project("{FAE04EC0-301F-11D3-BF4B-00C04F79EFBC}") = "Tyuiu.MusaevRS.Sprint2.Task2.V13.Test", "Tyuiu.MusaevRS.Sprint2.Task2.V13.Test\Tyuiu.MusaevRS.Sprint2.Task2.V13.Test.csproj", "{9FAF17DA-14BC-47D0-AACA-CD97F14F3525}"
EndProject
Project("{FAE04EC0-301F-11D3-BF4B-00C04F79EFBC}") = "Tyuiu.MusaevRS.Sprint2.Task2.V13", "Tyuiu.MusaevRS.Sprint2.Task2.V13\Tyuiu.MusaevRS.Sprint2.Task2.V13.csproj", "{F2534FCA-9B3B-432E-9934-B9E77F53D3BC}"
EndProject
Project("{FAE04EC0-301F-11D3-BF4B-00C04F79EFBC}") = "Tyuiu.MusaevRS.Sprint2.Task3.V26", "Tyuiu.MusaevRS.Sprint2.Task3.V26\Tyuiu.MusaevRS.Sprint2.Task3.V26.csproj", "{B2F86A4F-7E75-4B0F-902A-B621C604CD97}"
EndProject
Project("{FAE04EC0-301F-11D3-BF4B-00C04F79EFBC}") = "Tyuiu.MusaevRS.Sprint2.Task3.V26.Test", "Tyuiu.MusaevRS.Sprint2.Task3.V26.Test\Tyuiu.MusaevRS.Sprint2.Task3.V26.Test.csproj", "{77B99643-7348-49A3-8E47-5B6796C743D1}"
EndProject
Project("{FAE04EC0-301F-11D3-BF4B-00C04F79EFBC}") = "Tyuiu.MusaevRS.Sprint2.Task3.V26.Lib", "Tyuiu.MusaevRS.Sprint2.Task3.V26.Lib\Tyuiu.MusaevRS.Sprint2.Task3.V26.Lib.csproj", "{842D70EA-3F52-42CF-9E0D-41803B812BA4}"
EndProject
Project("{FAE04EC0-301F-11D3-BF4B-00C04F79EFBC}") = "Tyuiu.MusaevRS.Sprint2.Task4.V16.Lib", "Tyuiu.MusaevRS.Sprint2.Task4.V16.Lib\Tyuiu.MusaevRS.Sprint2.Task4.V16.Lib.csproj", "{643DA216-472D-497F-97F4-05E6D4CA5FEA}"
EndProject
Project("{FAE04EC0-301F-11D3-BF4B-00C04F79EFBC}") = "Tyuiu.MusaevRS.Sprint2.Task4.V16.Test", "Tyuiu.MusaevRS.Sprint2.Task4.V16.Test\Tyuiu.MusaevRS.Sprint2.Task4.V16.Test.csproj", "{C66D5F55-B958-445D-8468-C74B3EB5869A}"
EndProject
Project("{FAE04EC0-301F-11D3-BF4B-00C04F79EFBC}") = "Tyuiu.MusaevRS.Sprint2.Task4.V16", "Tyuiu.MusaevRS.Sprint2.Task4.V16\Tyuiu.MusaevRS.Sprint2.Task4.V16.csproj", "{B26921AA-4520-4197-8C8D-5A70A38F7EAE}"
EndProject
Project("{FAE04EC0-301F-11D3-BF4B-00C04F79EFBC}") = "Tyuiu.MusaevRS.Sprint2.Task5.V13", "Tyuiu.MusaevRS.Sprint2.Task5.V13\Tyuiu.MusaevRS.Sprint2.Task5.V13.csproj", "{69D336D7-565D-4F67-8EFC-C89F97DBF739}"
EndProject
Project("{FAE04EC0-301F-11D3-BF4B-00C04F79EFBC}") = "Tyuiu.MusaevRS.Sprint2.Task5.V13.Test", "Tyuiu.MusaevRS.Sprint2.Task5.V13.Test\Tyuiu.MusaevRS.Sprint2.Task5.V13.Test.csproj", "{3D81C770-DF93-4A75-978A-98AB38DF7E12}"
EndProject
Project("{FAE04EC0-301F-11D3-BF4B-00C04F79EFBC}") = "Tyuiu.MusaevRS.Sprint2.Task5.V13.Lib", "Tyuiu.MusaevRS.Sprint2.Task5.V13.Lib\Tyuiu.MusaevRS.Sprint2.Task5.V13.Lib.csproj", "{B62A54B1-62B0-4277-8E91-1F92BE8E71E6}"
EndProject
Project("{FAE04EC0-301F-11D3-BF4B-00C04F79EFBC}") = "Tyuiu.MusaevRS.Sprint2.Task6.V5", "Tyuiu.MusaevRS.Sprint2.Task6.V5\Tyuiu.MusaevRS.Sprint2.Task6.V5.csproj", "{FCBB258B-CE87-40A4-9E12-BEA4909F92B1}"
EndProject
Project("{FAE04EC0-301F-11D3-BF4B-00C04F79EFBC}") = "Tyuiu.MusaevRS.Sprint2.Task6.V5.Lib", "Tyuiu.MusaevRS.Sprint2.Task6.V5.Lib\Tyuiu.MusaevRS.Sprint2.Task6.V5.Lib.csproj", "{C88D57AB-B8CD-4222-AA9D-B713F57510DD}"
EndProject
Project("{FAE04EC0-301F-11D3-BF4B-00C04F79EFBC}") = "Tyuiu.MusaevRS.Sprint2.Task6.V5.Test", "Tyuiu.MusaevRS.Sprint2.Task6.V5.Test\Tyuiu.MusaevRS.Sprint2.Task6.V5.Test.csproj", "{CE65E9B4-7440-402B-A7B4-09CE3DA13D8C}"
EndProject
Project("{FAE04EC0-301F-11D3-BF4B-00C04F79EFBC}") = "Tyuiu.MusaevRS.Sprint2.Task7.V11.Test", "Tyuiu.MusaevRS.Sprint2.Task7.V11.Test\Tyuiu.MusaevRS.Sprint2.Task7.V11.Test.csproj", "{A56B2229-468B-49B4-8509-A7F8F6C52062}"
EndProject
Project("{FAE04EC0-301F-11D3-BF4B-00C04F79EFBC}") = "Tyuiu.MusaevRS.Sprint2.Task7.V11.Lib", "Tyuiu.MusaevRS.Sprint2.Task7.V11.Lib\Tyuiu.MusaevRS.Sprint2.Task7.V11.Lib.csproj", "{AD7CCA02-E6FB-4ABE-B9AA-13D2FF55D3FB}"
EndProject
Project("{FAE04EC0-301F-11D3-BF4B-00C04F79EFBC}") = "Tyuiu.MusaevRS.Sprint2.Task7.V11", "Tyuiu.MusaevRS.Sprint2.Task7.V11\Tyuiu.MusaevRS.Sprint2.Task7.V11.csproj", "{1581E929-9E76-4601-8B84-503BF7CDD0EB}"
EndProject
Global
	GlobalSection(SolutionConfigurationPlatforms) = preSolution
		Debug|Any CPU = Debug|Any CPU
		Release|Any CPU = Release|Any CPU
	EndGlobalSection
	GlobalSection(ProjectConfigurationPlatforms) = postSolution
		{EC94ED69-0C10-4037-933D-F72B268A95E8}.Debug|Any CPU.ActiveCfg = Debug|Any CPU
		{EC94ED69-0C10-4037-933D-F72B268A95E8}.Debug|Any CPU.Build.0 = Debug|Any CPU
		{EC94ED69-0C10-4037-933D-F72B268A95E8}.Release|Any CPU.ActiveCfg = Release|Any CPU
		{EC94ED69-0C10-4037-933D-F72B268A95E8}.Release|Any CPU.Build.0 = Release|Any CPU
		{61B6C548-F23D-42E7-8317-F333AB769377}.Debug|Any CPU.ActiveCfg = Debug|Any CPU
		{61B6C548-F23D-42E7-8317-F333AB769377}.Debug|Any CPU.Build.0 = Debug|Any CPU
		{61B6C548-F23D-42E7-8317-F333AB769377}.Release|Any CPU.ActiveCfg = Release|Any CPU
		{61B6C548-F23D-42E7-8317-F333AB769377}.Release|Any CPU.Build.0 = Release|Any CPU
		{3084CD64-9668-4836-8926-2D11BA6A2C9D}.Debug|Any CPU.ActiveCfg = Debug|Any CPU
		{3084CD64-9668-4836-8926-2D11BA6A2C9D}.Debug|Any CPU.Build.0 = Debug|Any CPU
		{3084CD64-9668-4836-8926-2D11BA6A2C9D}.Release|Any CPU.ActiveCfg = Release|Any CPU
		{3084CD64-9668-4836-8926-2D11BA6A2C9D}.Release|Any CPU.Build.0 = Release|Any CPU
		{6A0ED27F-EA42-473A-8BF4-FEA9A3AA0CC9}.Debug|Any CPU.ActiveCfg = Debug|Any CPU
		{6A0ED27F-EA42-473A-8BF4-FEA9A3AA0CC9}.Debug|Any CPU.Build.0 = Debug|Any CPU
		{6A0ED27F-EA42-473A-8BF4-FEA9A3AA0CC9}.Release|Any CPU.ActiveCfg = Release|Any CPU
		{6A0ED27F-EA42-473A-8BF4-FEA9A3AA0CC9}.Release|Any CPU.Build.0 = Release|Any CPU
		{B361AC91-B959-4CDA-9000-6471E5AF1592}.Debug|Any CPU.ActiveCfg = Debug|Any CPU
		{B361AC91-B959-4CDA-9000-6471E5AF1592}.Debug|Any CPU.Build.0 = Debug|Any CPU
		{B361AC91-B959-4CDA-9000-6471E5AF1592}.Release|Any CPU.ActiveCfg = Release|Any CPU
		{B361AC91-B959-4CDA-9000-6471E5AF1592}.Release|Any CPU.Build.0 = Release|Any CPU
		{2EFF3EE8-0267-4D9A-B400-400F4D46DBA9}.Debug|Any CPU.ActiveCfg = Debug|Any CPU
		{2EFF3EE8-0267-4D9A-B400-400F4D46DBA9}.Debug|Any CPU.Build.0 = Debug|Any CPU
		{2EFF3EE8-0267-4D9A-B400-400F4D46DBA9}.Release|Any CPU.ActiveCfg = Release|Any CPU
		{2EFF3EE8-0267-4D9A-B400-400F4D46DBA9}.Release|Any CPU.Build.0 = Release|Any CPU
		{ECE8EAC6-C805-45A3-9C5C-75F75C33CDFF}.Debug|Any CPU.ActiveCfg = Debug|Any CPU
		{ECE8EAC6-C805-45A3-9C5C-75F75C33CDFF}.Debug|Any CPU.Build.0 = Debug|Any CPU
		{ECE8EAC6-C805-45A3-9C5C-75F75C33CDFF}.Release|Any CPU.ActiveCfg = Release|Any CPU
		{ECE8EAC6-C805-45A3-9C5C-75F75C33CDFF}.Release|Any CPU.Build.0 = Release|Any CPU
		{9FAF17DA-14BC-47D0-AACA-CD97F14F3525}.Debug|Any CPU.ActiveCfg = Debug|Any CPU
		{9FAF17DA-14BC-47D0-AACA-CD97F14F3525}.Debug|Any CPU.Build.0 = Debug|Any CPU
		{9FAF17DA-14BC-47D0-AACA-CD97F14F3525}.Release|Any CPU.ActiveCfg = Release|Any CPU
		{9FAF17DA-14BC-47D0-AACA-CD97F14F3525}.Release|Any CPU.Build.0 = Release|Any CPU
		{F2534FCA-9B3B-432E-9934-B9E77F53D3BC}.Debug|Any CPU.ActiveCfg = Debug|Any CPU
		{F2534FCA-9B3B-432E-9934-B9E77F53D3BC}.Debug|Any CPU.Build.0 = Debug|Any CPU
		{F2534FCA-9B3B-432E-9934-B9E77F53D3BC}.Release|Any CPU.ActiveCfg = Release|Any CPU
		{F2534FCA-9B3B-432E-9934-B9E77F53D3BC}.Release|Any CPU.Build.0 = Release|Any CPU
		{B2F86A4F-7E75-4B0F-902A-B621C604CD97}.Debug|Any CPU.ActiveCfg = Debug|Any CPU
		{B2F86A4F-7E75-4B0F-902A-B621C604CD97}.Debug|Any CPU.Build.0 = Debug|Any CPU
		{B2F86A4F-7E75-4B0F-902A-B621C604CD97}.Release|Any CPU.ActiveCfg = Release|Any CPU
		{B2F86A4F-7E75-4B0F-902A-B621C604CD97}.Release|Any CPU.Build.0 = Release|Any CPU
		{77B99643-7348-49A3-8E47-5B6796C743D1}.Debug|Any CPU.ActiveCfg = Debug|Any CPU
		{77B99643-7348-49A3-8E47-5B6796C743D1}.Debug|Any CPU.Build.0 = Debug|Any CPU
		{77B99643-7348-49A3-8E47-5B6796C743D1}.Release|Any CPU.ActiveCfg = Release|Any CPU
		{77B99643-7348-49A3-8E47-5B6796C743D1}.Release|Any CPU.Build.0 = Release|Any CPU
		{842D70EA-3F52-42CF-9E0D-41803B812BA4}.Debug|Any CPU.ActiveCfg = Debug|Any CPU
		{842D70EA-3F52-42CF-9E0D-41803B812BA4}.Debug|Any CPU.Build.0 = Debug|Any CPU
		{842D70EA-3F52-42CF-9E0D-41803B812BA4}.Release|Any CPU.ActiveCfg = Release|Any CPU
		{842D70EA-3F52-42CF-9E0D-41803B812BA4}.Release|Any CPU.Build.0 = Release|Any CPU
		{643DA216-472D-497F-97F4-05E6D4CA5FEA}.Debug|Any CPU.ActiveCfg = Debug|Any CPU
		{643DA216-472D-497F-97F4-05E6D4CA5FEA}.Debug|Any CPU.Build.0 = Debug|Any CPU
		{643DA216-472D-497F-97F4-05E6D4CA5FEA}.Release|Any CPU.ActiveCfg = Release|Any CPU
		{643DA216-472D-497F-97F4-05E6D4CA5FEA}.Release|Any CPU.Build.0 = Release|Any CPU
		{C66D5F55-B958-445D-8468-C74B3EB5869A}.Debug|Any CPU.ActiveCfg = Debug|Any CPU
		{C66D5F55-B958-445D-8468-C74B3EB5869A}.Debug|Any CPU.Build.0 = Debug|Any CPU
		{C66D5F55-B958-445D-8468-C74B3EB5869A}.Release|Any CPU.ActiveCfg = Release|Any CPU
		{C66D5F55-B958-445D-8468-C74B3EB5869A}.Release|Any CPU.Build.0 = Release|Any CPU
		{B26921AA-4520-4197-8C8D-5A70A38F7EAE}.Debug|Any CPU.ActiveCfg = Debug|Any CPU
		{B26921AA-4520-4197-8C8D-5A70A38F7EAE}.Debug|Any CPU.Build.0 = Debug|Any CPU
		{B26921AA-4520-4197-8C8D-5A70A38F7EAE}.Release|Any CPU.ActiveCfg = Release|Any CPU
		{B26921AA-4520-4197-8C8D-5A70A38F7EAE}.Release|Any CPU.Build.0 = Release|Any CPU
		{69D336D7-565D-4F67-8EFC-C89F97DBF739}.Debug|Any CPU.ActiveCfg = Debug|Any CPU
		{69D336D7-565D-4F67-8EFC-C89F97DBF739}.Debug|Any CPU.Build.0 = Debug|Any CPU
		{69D336D7-565D-4F67-8EFC-C89F97DBF739}.Release|Any CPU.ActiveCfg = Release|Any CPU
		{69D336D7-565D-4F67-8EFC-C89F97DBF739}.Release|Any CPU.Build.0 = Release|Any CPU
		{3D81C770-DF93-4A75-978A-98AB38DF7E12}.Debug|Any CPU.ActiveCfg = Debug|Any CPU
		{3D81C770-DF93-4A75-978A-98AB38DF7E12}.Debug|Any CPU.Build.0 = Debug|Any CPU
		{3D81C770-DF93-4A75-978A-98AB38DF7E12}.Release|Any CPU.ActiveCfg = Release|Any CPU
		{3D81C770-DF93-4A75-978A-98AB38DF7E12}.Release|Any CPU.Build.0 = Release|Any CPU
		{B62A54B1-62B0-4277-8E91-1F92BE8E71E6}.Debug|Any CPU.ActiveCfg = Debug|Any CPU
		{B62A54B1-62B0-4277-8E91-1F92BE8E71E6}.Debug|Any CPU.Build.0 = Debug|Any CPU
		{B62A54B1-62B0-4277-8E91-1F92BE8E71E6}.Release|Any CPU.ActiveCfg = Release|Any CPU
		{B62A54B1-62B0-4277-8E91-1F92BE8E71E6}.Release|Any CPU.Build.0 = Release|Any CPU
		{FCBB258B-CE87-40A4-9E12-BEA4909F92B1}.Debug|Any CPU.ActiveCfg = Debug|Any CPU
		{FCBB258B-CE87-40A4-9E12-BEA4909F92B1}.Debug|Any CPU.Build.0 = Debug|Any CPU
		{FCBB258B-CE87-40A4-9E12-BEA4909F92B1}.Release|Any CPU.ActiveCfg = Release|Any CPU
		{FCBB258B-CE87-40A4-9E12-BEA4909F92B1}.Release|Any CPU.Build.0 = Release|Any CPU
		{C88D57AB-B8CD-4222-AA9D-B713F57510DD}.Debug|Any CPU.ActiveCfg = Debug|Any CPU
		{C88D57AB-B8CD-4222-AA9D-B713F57510DD}.Debug|Any CPU.Build.0 = Debug|Any CPU
		{C88D57AB-B8CD-4222-AA9D-B713F57510DD}.Release|Any CPU.ActiveCfg = Release|Any CPU
		{C88D57AB-B8CD-4222-AA9D-B713F57510DD}.Release|Any CPU.Build.0 = Release|Any CPU
		{CE65E9B4-7440-402B-A7B4-09CE3DA13D8C}.Debug|Any CPU.ActiveCfg = Debug|Any CPU
		{CE65E9B4-7440-402B-A7B4-09CE3DA13D8C}.Debug|Any CPU.Build.0 = Debug|Any CPU
		{CE65E9B4-7440-402B-A7B4-09CE3DA13D8C}.Release|Any CPU.ActiveCfg = Release|Any CPU
		{CE65E9B4-7440-402B-A7B4-09CE3DA13D8C}.Release|Any CPU.Build.0 = Release|Any CPU
		{A56B2229-468B-49B4-8509-A7F8F6C52062}.Debug|Any CPU.ActiveCfg = Debug|Any CPU
		{A56B2229-468B-49B4-8509-A7F8F6C52062}.Debug|Any CPU.Build.0 = Debug|Any CPU
		{A56B2229-468B-49B4-8509-A7F8F6C52062}.Release|Any CPU.ActiveCfg = Release|Any CPU
		{A56B2229-468B-49B4-8509-A7F8F6C52062}.Release|Any CPU.Build.0 = Release|Any CPU
		{AD7CCA02-E6FB-4ABE-B9AA-13D2FF55D3FB}.Debug|Any CPU.ActiveCfg = Debug|Any CPU
		{AD7CCA02-E6FB-4ABE-B9AA-13D2FF55D3FB}.Debug|Any CPU.Build.0 = Debug|Any CPU
		{AD7CCA02-E6FB-4ABE-B9AA-13D2FF55D3FB}.Release|Any CPU.ActiveCfg = Release|Any CPU
		{AD7CCA02-E6FB-4ABE-B9AA-13D2FF55D3FB}.Release|Any CPU.Build.0 = Release|Any CPU
		{1581E929-9E76-4601-8B84-503BF7CDD0EB}.Debug|Any CPU.ActiveCfg = Debug|Any CPU
		{1581E929-9E76-4601-8B84-503BF7CDD0EB}.Debug|Any CPU.Build.0 = Debug|Any CPU
		{1581E929-9E76-4601-8B84-503BF7CDD0EB}.Release|Any CPU.ActiveCfg = Release|Any CPU
		{1581E929-9E76-4601-8B84-503BF7CDD0EB}.Release|Any CPU.Build.0 = Release|Any CPU
	EndGlobalSection
	GlobalSection(SolutionProperties) = preSolution
		HideSolutionNode = FALSE
	EndGlobalSection
	GlobalSection(NestedProjects) = preSolution
		{EC94ED69-0C10-4037-933D-F72B268A95E8} = {389FCE00-C46F-47E1-85DA-84FA237BF782}
		{61B6C548-F23D-42E7-8317-F333AB769377} = {389FCE00-C46F-47E1-85DA-84FA237BF782}
		{3084CD64-9668-4836-8926-2D11BA6A2C9D} = {389FCE00-C46F-47E1-85DA-84FA237BF782}
		{6A0ED27F-EA42-473A-8BF4-FEA9A3AA0CC9} = {E6945DC2-B390-410F-A0DA-C000DEB48721}
		{B361AC91-B959-4CDA-9000-6471E5AF1592} = {E6945DC2-B390-410F-A0DA-C000DEB48721}
		{2EFF3EE8-0267-4D9A-B400-400F4D46DBA9} = {E6945DC2-B390-410F-A0DA-C000DEB48721}
		{ECE8EAC6-C805-45A3-9C5C-75F75C33CDFF} = {05C76EEB-F3D9-4F94-ABB9-CFBD3EC82C16}
		{9FAF17DA-14BC-47D0-AACA-CD97F14F3525} = {05C76EEB-F3D9-4F94-ABB9-CFBD3EC82C16}
		{F2534FCA-9B3B-432E-9934-B9E77F53D3BC} = {05C76EEB-F3D9-4F94-ABB9-CFBD3EC82C16}
		{B2F86A4F-7E75-4B0F-902A-B621C604CD97} = {6A346C32-38FA-42FD-BC4A-FE27DE161444}
		{77B99643-7348-49A3-8E47-5B6796C743D1} = {6A346C32-38FA-42FD-BC4A-FE27DE161444}
		{842D70EA-3F52-42CF-9E0D-41803B812BA4} = {6A346C32-38FA-42FD-BC4A-FE27DE161444}
		{643DA216-472D-497F-97F4-05E6D4CA5FEA} = {8E0AAD78-FB4B-4DEB-8304-4799216CC35A}
		{C66D5F55-B958-445D-8468-C74B3EB5869A} = {8E0AAD78-FB4B-4DEB-8304-4799216CC35A}
		{B26921AA-4520-4197-8C8D-5A70A38F7EAE} = {8E0AAD78-FB4B-4DEB-8304-4799216CC35A}
		{69D336D7-565D-4F67-8EFC-C89F97DBF739} = {1BCFCA4D-A893-4BC7-A662-EEDF491B0530}
		{3D81C770-DF93-4A75-978A-98AB38DF7E12} = {1BCFCA4D-A893-4BC7-A662-EEDF491B0530}
		{B62A54B1-62B0-4277-8E91-1F92BE8E71E6} = {1BCFCA4D-A893-4BC7-A662-EEDF491B0530}
		{FCBB258B-CE87-40A4-9E12-BEA4909F92B1} = {8D8E67E5-C049-4F6F-AC47-794D4AA34365}
		{C88D57AB-B8CD-4222-AA9D-B713F57510DD} = {8D8E67E5-C049-4F6F-AC47-794D4AA34365}
		{CE65E9B4-7440-402B-A7B4-09CE3DA13D8C} = {8D8E67E5-C049-4F6F-AC47-794D4AA34365}
		{A56B2229-468B-49B4-8509-A7F8F6C52062} = {84C058B3-17DB-4BD8-A316-4B939EA0E211}
		{AD7CCA02-E6FB-4ABE-B9AA-13D2FF55D3FB} = {84C058B3-17DB-4BD8-A316-4B939EA0E211}
		{1581E929-9E76-4601-8B84-503BF7CDD0EB} = {84C058B3-17DB-4BD8-A316-4B939EA0E211}
	EndGlobalSection
	GlobalSection(ExtensibilityGlobals) = postSolution
		SolutionGuid = {325CF7C0-6BE9-49F5-A7CF-7D89F16D912C}
	EndGlobalSection
EndGlobal
